// !$*UTF8*$!
{
	archiveVersion = 1;
	classes = {
	};
	objectVersion = 50;
	objects = {

/* Begin PBXBuildFile section */
		D5165A3024D041A6007474A1 /* StopWatchManager.swift in Sources */ = {isa = PBXBuildFile; fileRef = D5165A2F24D041A6007474A1 /* StopWatchManager.swift */; };
		D534D3B12535349A0008713F /* Bundle-Decodable.swift in Sources */ = {isa = PBXBuildFile; fileRef = D534D3B02535349A0008713F /* Bundle-Decodable.swift */; };
		D573B9B5253276F300516542 /* AD8ResultsView.swift in Sources */ = {isa = PBXBuildFile; fileRef = D573B9B4253276F300516542 /* AD8ResultsView.swift */; };
		D573B9B72532774F00516542 /* PHQ2View.swift in Sources */ = {isa = PBXBuildFile; fileRef = D573B9B62532774F00516542 /* PHQ2View.swift */; };
		D573B9B9253277AE00516542 /* PHQ9View.swift in Sources */ = {isa = PBXBuildFile; fileRef = D573B9B8253277AE00516542 /* PHQ9View.swift */; };
		D573B9BB253277FC00516542 /* PHQ2Results.swift in Sources */ = {isa = PBXBuildFile; fileRef = D573B9BA253277FC00516542 /* PHQ2Results.swift */; };
		D573B9BD2532785500516542 /* PHQ9Results.swift in Sources */ = {isa = PBXBuildFile; fileRef = D573B9BC2532785500516542 /* PHQ9Results.swift */; };
		D573B9BF2532789E00516542 /* ADLView.swift in Sources */ = {isa = PBXBuildFile; fileRef = D573B9BE2532789E00516542 /* ADLView.swift */; };
		D573B9C1253278C600516542 /* ADLResultsView.swift in Sources */ = {isa = PBXBuildFile; fileRef = D573B9C0253278C600516542 /* ADLResultsView.swift */; };
		D573B9C32532793F00516542 /* ChairView.swift in Sources */ = {isa = PBXBuildFile; fileRef = D573B9C22532793F00516542 /* ChairView.swift */; };
		D573B9C525327A2100516542 /* ChairResults.swift in Sources */ = {isa = PBXBuildFile; fileRef = D573B9C425327A2100516542 /* ChairResults.swift */; };
		D573B9C725327A5A00516542 /* FallView.swift in Sources */ = {isa = PBXBuildFile; fileRef = D573B9C625327A5A00516542 /* FallView.swift */; };
		D573B9C925327A7B00516542 /* FallResults.swift in Sources */ = {isa = PBXBuildFile; fileRef = D573B9C825327A7B00516542 /* FallResults.swift */; };
		D573B9CB25327ABB00516542 /* NutritionView.swift in Sources */ = {isa = PBXBuildFile; fileRef = D573B9CA25327ABB00516542 /* NutritionView.swift */; };
		D573B9CD25327B0200516542 /* NutritionResults.swift in Sources */ = {isa = PBXBuildFile; fileRef = D573B9CC25327B0200516542 /* NutritionResults.swift */; };
		D573B9CF25327B3200516542 /* MedicineView.swift in Sources */ = {isa = PBXBuildFile; fileRef = D573B9CE25327B3200516542 /* MedicineView.swift */; };
		D573B9D125327B7500516542 /* CognitionChoice.swift in Sources */ = {isa = PBXBuildFile; fileRef = D573B9D025327B7500516542 /* CognitionChoice.swift */; };
		D5803FDF2528CD8100E6A8E4 /* MiniCogView.swift in Sources */ = {isa = PBXBuildFile; fileRef = D5803FDE2528CD8100E6A8E4 /* MiniCogView.swift */; };
		D5803FE12528D23900E6A8E4 /* AD8View.swift in Sources */ = {isa = PBXBuildFile; fileRef = D5803FE02528D23900E6A8E4 /* AD8View.swift */; };
		D586EAF124AA289000572834 /* AppDelegate.swift in Sources */ = {isa = PBXBuildFile; fileRef = D586EAF024AA289000572834 /* AppDelegate.swift */; };
		D586EAF324AA289000572834 /* SceneDelegate.swift in Sources */ = {isa = PBXBuildFile; fileRef = D586EAF224AA289000572834 /* SceneDelegate.swift */; };
		D586EAF524AA289000572834 /* ContentView.swift in Sources */ = {isa = PBXBuildFile; fileRef = D586EAF424AA289000572834 /* ContentView.swift */; };
		D586EAF724AA289500572834 /* Assets.xcassets in Resources */ = {isa = PBXBuildFile; fileRef = D586EAF624AA289500572834 /* Assets.xcassets */; };
		D586EAFA24AA289500572834 /* Preview Assets.xcassets in Resources */ = {isa = PBXBuildFile; fileRef = D586EAF924AA289500572834 /* Preview Assets.xcassets */; };
		D586EAFD24AA289500572834 /* LaunchScreen.storyboard in Resources */ = {isa = PBXBuildFile; fileRef = D586EAFB24AA289500572834 /* LaunchScreen.storyboard */; };
		D5891AB1258184890019FD20 /* MiniCogResults.swift in Sources */ = {isa = PBXBuildFile; fileRef = D5891AB0258184890019FD20 /* MiniCogResults.swift */; };
		D5891AB3258184C40019FD20 /* KeyboardHandler.swift in Sources */ = {isa = PBXBuildFile; fileRef = D5891AB2258184C40019FD20 /* KeyboardHandler.swift */; };
		D58A87D825834981005E96F4 /* PHQ2.json in Resources */ = {isa = PBXBuildFile; fileRef = D58A87D725834981005E96F4 /* PHQ2.json */; };
		D5AF53882583004B0004F2F1 /* AdvancedCareView.swift in Sources */ = {isa = PBXBuildFile; fileRef = D5AF53872583004B0004F2F1 /* AdvancedCareView.swift */; };
		D5C2202325357F3F00427AE1 /* Question.swift in Sources */ = {isa = PBXBuildFile; fileRef = D5C2202225357F3F00427AE1 /* Question.swift */; };
		D5D462DA2533F467001EEBA7 /* MiniNutritional.json in Resources */ = {isa = PBXBuildFile; fileRef = D5D462D92533F467001EEBA7 /* MiniNutritional.json */; };
		D5DB1BC424DAFF0C0016EA1A /* AboutView.swift in Sources */ = {isa = PBXBuildFile; fileRef = D5DB1BC324DAFF0C0016EA1A /* AboutView.swift */; };
		D5DB59A024BD544700559C30 /* YesNo.swift in Sources */ = {isa = PBXBuildFile; fileRef = D5DB599F24BD544700559C30 /* YesNo.swift */; };
		D5DB59A224BD550B00559C30 /* fourButtonChoices.swift in Sources */ = {isa = PBXBuildFile; fileRef = D5DB59A124BD550B00559C30 /* fourButtonChoices.swift */; };
		D5DB59A424BDF8B800559C30 /* YesNo2.swift in Sources */ = {isa = PBXBuildFile; fileRef = D5DB59A324BDF8B700559C30 /* YesNo2.swift */; };
/* End PBXBuildFile section */

/* Begin PBXFileReference section */
		D5165A2F24D041A6007474A1 /* StopWatchManager.swift */ = {isa = PBXFileReference; lastKnownFileType = sourcecode.swift; path = StopWatchManager.swift; sourceTree = "<group>"; };
		D534D3B02535349A0008713F /* Bundle-Decodable.swift */ = {isa = PBXFileReference; lastKnownFileType = sourcecode.swift; path = "Bundle-Decodable.swift"; sourceTree = "<group>"; };
		D573B9B4253276F300516542 /* AD8ResultsView.swift */ = {isa = PBXFileReference; lastKnownFileType = sourcecode.swift; path = AD8ResultsView.swift; sourceTree = "<group>"; };
		D573B9B62532774F00516542 /* PHQ2View.swift */ = {isa = PBXFileReference; lastKnownFileType = sourcecode.swift; path = PHQ2View.swift; sourceTree = "<group>"; };
		D573B9B8253277AE00516542 /* PHQ9View.swift */ = {isa = PBXFileReference; lastKnownFileType = sourcecode.swift; path = PHQ9View.swift; sourceTree = "<group>"; };
		D573B9BA253277FC00516542 /* PHQ2Results.swift */ = {isa = PBXFileReference; lastKnownFileType = sourcecode.swift; path = PHQ2Results.swift; sourceTree = "<group>"; };
		D573B9BC2532785500516542 /* PHQ9Results.swift */ = {isa = PBXFileReference; lastKnownFileType = sourcecode.swift; path = PHQ9Results.swift; sourceTree = "<group>"; };
		D573B9BE2532789E00516542 /* ADLView.swift */ = {isa = PBXFileReference; lastKnownFileType = sourcecode.swift; path = ADLView.swift; sourceTree = "<group>"; };
		D573B9C0253278C600516542 /* ADLResultsView.swift */ = {isa = PBXFileReference; lastKnownFileType = sourcecode.swift; path = ADLResultsView.swift; sourceTree = "<group>"; };
		D573B9C22532793F00516542 /* ChairView.swift */ = {isa = PBXFileReference; lastKnownFileType = sourcecode.swift; path = ChairView.swift; sourceTree = "<group>"; };
		D573B9C425327A2100516542 /* ChairResults.swift */ = {isa = PBXFileReference; lastKnownFileType = sourcecode.swift; path = ChairResults.swift; sourceTree = "<group>"; };
		D573B9C625327A5A00516542 /* FallView.swift */ = {isa = PBXFileReference; lastKnownFileType = sourcecode.swift; path = FallView.swift; sourceTree = "<group>"; };
		D573B9C825327A7B00516542 /* FallResults.swift */ = {isa = PBXFileReference; lastKnownFileType = sourcecode.swift; path = FallResults.swift; sourceTree = "<group>"; };
		D573B9CA25327ABB00516542 /* NutritionView.swift */ = {isa = PBXFileReference; lastKnownFileType = sourcecode.swift; path = NutritionView.swift; sourceTree = "<group>"; };
		D573B9CC25327B0200516542 /* NutritionResults.swift */ = {isa = PBXFileReference; lastKnownFileType = sourcecode.swift; path = NutritionResults.swift; sourceTree = "<group>"; };
		D573B9CE25327B3200516542 /* MedicineView.swift */ = {isa = PBXFileReference; lastKnownFileType = sourcecode.swift; path = MedicineView.swift; sourceTree = "<group>"; };
		D573B9D025327B7500516542 /* CognitionChoice.swift */ = {isa = PBXFileReference; lastKnownFileType = sourcecode.swift; path = CognitionChoice.swift; sourceTree = "<group>"; };
		D5803FDE2528CD8100E6A8E4 /* MiniCogView.swift */ = {isa = PBXFileReference; lastKnownFileType = sourcecode.swift; path = MiniCogView.swift; sourceTree = "<group>"; };
		D5803FE02528D23900E6A8E4 /* AD8View.swift */ = {isa = PBXFileReference; lastKnownFileType = sourcecode.swift; path = AD8View.swift; sourceTree = "<group>"; };
		D586EAED24AA289000572834 /* GeriKit.app */ = {isa = PBXFileReference; explicitFileType = wrapper.application; includeInIndex = 0; path = GeriKit.app; sourceTree = BUILT_PRODUCTS_DIR; };
		D586EAF024AA289000572834 /* AppDelegate.swift */ = {isa = PBXFileReference; lastKnownFileType = sourcecode.swift; path = AppDelegate.swift; sourceTree = "<group>"; };
		D586EAF224AA289000572834 /* SceneDelegate.swift */ = {isa = PBXFileReference; lastKnownFileType = sourcecode.swift; path = SceneDelegate.swift; sourceTree = "<group>"; };
		D586EAF424AA289000572834 /* ContentView.swift */ = {isa = PBXFileReference; lastKnownFileType = sourcecode.swift; path = ContentView.swift; sourceTree = "<group>"; };
		D586EAF624AA289500572834 /* Assets.xcassets */ = {isa = PBXFileReference; lastKnownFileType = folder.assetcatalog; path = Assets.xcassets; sourceTree = "<group>"; };
		D586EAF924AA289500572834 /* Preview Assets.xcassets */ = {isa = PBXFileReference; lastKnownFileType = folder.assetcatalog; path = "Preview Assets.xcassets"; sourceTree = "<group>"; };
		D586EAFC24AA289500572834 /* Base */ = {isa = PBXFileReference; lastKnownFileType = file.storyboard; name = Base; path = Base.lproj/LaunchScreen.storyboard; sourceTree = "<group>"; };
		D586EAFE24AA289500572834 /* Info.plist */ = {isa = PBXFileReference; lastKnownFileType = text.plist.xml; path = Info.plist; sourceTree = "<group>"; };
		D5891AB0258184890019FD20 /* MiniCogResults.swift */ = {isa = PBXFileReference; lastKnownFileType = sourcecode.swift; path = MiniCogResults.swift; sourceTree = "<group>"; };
		D5891AB2258184C40019FD20 /* KeyboardHandler.swift */ = {isa = PBXFileReference; lastKnownFileType = sourcecode.swift; path = KeyboardHandler.swift; sourceTree = "<group>"; };
		D58A87D725834981005E96F4 /* PHQ2.json */ = {isa = PBXFileReference; lastKnownFileType = text.json; path = PHQ2.json; sourceTree = "<group>"; };
		D5AF53872583004B0004F2F1 /* AdvancedCareView.swift */ = {isa = PBXFileReference; lastKnownFileType = sourcecode.swift; path = AdvancedCareView.swift; sourceTree = "<group>"; };
		D5C2202225357F3F00427AE1 /* Question.swift */ = {isa = PBXFileReference; lastKnownFileType = sourcecode.swift; path = Question.swift; sourceTree = "<group>"; };
		D5D462D92533F467001EEBA7 /* MiniNutritional.json */ = {isa = PBXFileReference; lastKnownFileType = text.json; path = MiniNutritional.json; sourceTree = "<group>"; };
		D5DB1BC324DAFF0C0016EA1A /* AboutView.swift */ = {isa = PBXFileReference; lastKnownFileType = sourcecode.swift; path = AboutView.swift; sourceTree = "<group>"; };
		D5DB599F24BD544700559C30 /* YesNo.swift */ = {isa = PBXFileReference; lastKnownFileType = sourcecode.swift; path = YesNo.swift; sourceTree = "<group>"; };
		D5DB59A124BD550B00559C30 /* fourButtonChoices.swift */ = {isa = PBXFileReference; lastKnownFileType = sourcecode.swift; path = fourButtonChoices.swift; sourceTree = "<group>"; };
		D5DB59A324BDF8B700559C30 /* YesNo2.swift */ = {isa = PBXFileReference; lastKnownFileType = sourcecode.swift; path = YesNo2.swift; sourceTree = "<group>"; };
/* End PBXFileReference section */

/* Begin PBXFrameworksBuildPhase section */
		D586EAEA24AA289000572834 /* Frameworks */ = {
			isa = PBXFrameworksBuildPhase;
			buildActionMask = 2147483647;
			files = (
			);
			runOnlyForDeploymentPostprocessing = 0;
		};
/* End PBXFrameworksBuildPhase section */

/* Begin PBXGroup section */
		D586EAE424AA289000572834 = {
			isa = PBXGroup;
			children = (
				D586EAEF24AA289000572834 /* SurveyApp */,
				D586EAEE24AA289000572834 /* Products */,
			);
			sourceTree = "<group>";
		};
		D586EAEE24AA289000572834 /* Products */ = {
			isa = PBXGroup;
			children = (
				D586EAED24AA289000572834 /* GeriKit.app */,
			);
			name = Products;
			sourceTree = "<group>";
		};
		D586EAEF24AA289000572834 /* SurveyApp */ = {
			isa = PBXGroup;
			children = (
				D5DB1BC324DAFF0C0016EA1A /* AboutView.swift */,
				D586EAF024AA289000572834 /* AppDelegate.swift */,
				D586EAF224AA289000572834 /* SceneDelegate.swift */,
				D586EAF424AA289000572834 /* ContentView.swift */,
				D586EAF624AA289500572834 /* Assets.xcassets */,
				D586EAFB24AA289500572834 /* LaunchScreen.storyboard */,
				D586EAFE24AA289500572834 /* Info.plist */,
				D586EAF824AA289500572834 /* Preview Content */,
				D5DB599F24BD544700559C30 /* YesNo.swift */,
				D5DB59A124BD550B00559C30 /* fourButtonChoices.swift */,
				D5DB59A324BDF8B700559C30 /* YesNo2.swift */,
				D5165A2F24D041A6007474A1 /* StopWatchManager.swift */,
				D573B9D025327B7500516542 /* CognitionChoice.swift */,
				D5803FDE2528CD8100E6A8E4 /* MiniCogView.swift */,
				D5891AB0258184890019FD20 /* MiniCogResults.swift */,
				D5891AB2258184C40019FD20 /* KeyboardHandler.swift */,
				D5803FE02528D23900E6A8E4 /* AD8View.swift */,
				D573B9B4253276F300516542 /* AD8ResultsView.swift */,
				D573B9B62532774F00516542 /* PHQ2View.swift */,
				D573B9BA253277FC00516542 /* PHQ2Results.swift */,
				D5AF53872583004B0004F2F1 /* AdvancedCareView.swift */,
				D573B9B8253277AE00516542 /* PHQ9View.swift */,
				D573B9BC2532785500516542 /* PHQ9Results.swift */,
				D573B9BE2532789E00516542 /* ADLView.swift */,
				D573B9C0253278C600516542 /* ADLResultsView.swift */,
				D573B9C22532793F00516542 /* ChairView.swift */,
				D573B9C425327A2100516542 /* ChairResults.swift */,
				D573B9C625327A5A00516542 /* FallView.swift */,
				D573B9C825327A7B00516542 /* FallResults.swift */,
				D573B9CA25327ABB00516542 /* NutritionView.swift */,
				D573B9CC25327B0200516542 /* NutritionResults.swift */,
				D534D3B02535349A0008713F /* Bundle-Decodable.swift */,
				D573B9CE25327B3200516542 /* MedicineView.swift */,
				D5C2202225357F3F00427AE1 /* Question.swift */,
				D5D462D92533F467001EEBA7 /* MiniNutritional.json */,
				D58A87D725834981005E96F4 /* PHQ2.json */,
			);
			path = SurveyApp;
			sourceTree = "<group>";
		};
		D586EAF824AA289500572834 /* Preview Content */ = {
			isa = PBXGroup;
			children = (
				D586EAF924AA289500572834 /* Preview Assets.xcassets */,
			);
			path = "Preview Content";
			sourceTree = "<group>";
		};
/* End PBXGroup section */

/* Begin PBXNativeTarget section */
		D586EAEC24AA289000572834 /* SurveyApp */ = {
			isa = PBXNativeTarget;
			buildConfigurationList = D586EB0124AA289500572834 /* Build configuration list for PBXNativeTarget "SurveyApp" */;
			buildPhases = (
				D586EAE924AA289000572834 /* Sources */,
				D586EAEA24AA289000572834 /* Frameworks */,
				D586EAEB24AA289000572834 /* Resources */,
			);
			buildRules = (
			);
			dependencies = (
			);
			name = SurveyApp;
			productName = SurveyApp;
			productReference = D586EAED24AA289000572834 /* GeriKit.app */;
			productType = "com.apple.product-type.application";
		};
/* End PBXNativeTarget section */

/* Begin PBXProject section */
		D586EAE524AA289000572834 /* Project object */ = {
			isa = PBXProject;
			attributes = {
				LastSwiftUpdateCheck = 1150;
				LastUpgradeCheck = 1150;
				ORGANIZATIONNAME = "Ambika Viswanathan";
				TargetAttributes = {
					D586EAEC24AA289000572834 = {
						CreatedOnToolsVersion = 11.5;
					};
				};
			};
			buildConfigurationList = D586EAE824AA289000572834 /* Build configuration list for PBXProject "SurveyApp" */;
			compatibilityVersion = "Xcode 9.3";
			developmentRegion = en;
			hasScannedForEncodings = 0;
			knownRegions = (
				en,
				Base,
			);
			mainGroup = D586EAE424AA289000572834;
			productRefGroup = D586EAEE24AA289000572834 /* Products */;
			projectDirPath = "";
			projectRoot = "";
			targets = (
				D586EAEC24AA289000572834 /* SurveyApp */,
			);
		};
/* End PBXProject section */

/* Begin PBXResourcesBuildPhase section */
		D586EAEB24AA289000572834 /* Resources */ = {
			isa = PBXResourcesBuildPhase;
			buildActionMask = 2147483647;
			files = (
				D586EAFD24AA289500572834 /* LaunchScreen.storyboard in Resources */,
				D586EAFA24AA289500572834 /* Preview Assets.xcassets in Resources */,
				D5D462DA2533F467001EEBA7 /* MiniNutritional.json in Resources */,
				D58A87D825834981005E96F4 /* PHQ2.json in Resources */,
				D586EAF724AA289500572834 /* Assets.xcassets in Resources */,
			);
			runOnlyForDeploymentPostprocessing = 0;
		};
/* End PBXResourcesBuildPhase section */

/* Begin PBXSourcesBuildPhase section */
		D586EAE924AA289000572834 /* Sources */ = {
			isa = PBXSourcesBuildPhase;
			buildActionMask = 2147483647;
			files = (
				D573B9BD2532785500516542 /* PHQ9Results.swift in Sources */,
				D5803FE12528D23900E6A8E4 /* AD8View.swift in Sources */,
				D573B9B5253276F300516542 /* AD8ResultsView.swift in Sources */,
				D573B9BB253277FC00516542 /* PHQ2Results.swift in Sources */,
				D534D3B12535349A0008713F /* Bundle-Decodable.swift in Sources */,
				D573B9CF25327B3200516542 /* MedicineView.swift in Sources */,
				D5DB1BC424DAFF0C0016EA1A /* AboutView.swift in Sources */,
				D573B9C525327A2100516542 /* ChairResults.swift in Sources */,
				D5DB59A024BD544700559C30 /* YesNo.swift in Sources */,
				D573B9B72532774F00516542 /* PHQ2View.swift in Sources */,
				D573B9C925327A7B00516542 /* FallResults.swift in Sources */,
				D5891AB1258184890019FD20 /* MiniCogResults.swift in Sources */,
				D5891AB3258184C40019FD20 /* KeyboardHandler.swift in Sources */,
				D573B9B9253277AE00516542 /* PHQ9View.swift in Sources */,
				D573B9C32532793F00516542 /* ChairView.swift in Sources */,
				D573B9D125327B7500516542 /* CognitionChoice.swift in Sources */,
				D5DB59A224BD550B00559C30 /* fourButtonChoices.swift in Sources */,
				D586EAF124AA289000572834 /* AppDelegate.swift in Sources */,
				D5803FDF2528CD8100E6A8E4 /* MiniCogView.swift in Sources */,
				D573B9CD25327B0200516542 /* NutritionResults.swift in Sources */,
				D573B9C725327A5A00516542 /* FallView.swift in Sources */,
				D573B9BF2532789E00516542 /* ADLView.swift in Sources */,
				D5165A3024D041A6007474A1 /* StopWatchManager.swift in Sources */,
				D5C2202325357F3F00427AE1 /* Question.swift in Sources */,
				D586EAF324AA289000572834 /* SceneDelegate.swift in Sources */,
				D5AF53882583004B0004F2F1 /* AdvancedCareView.swift in Sources */,
				D573B9CB25327ABB00516542 /* NutritionView.swift in Sources */,
				D586EAF524AA289000572834 /* ContentView.swift in Sources */,
				D5DB59A424BDF8B800559C30 /* YesNo2.swift in Sources */,
				D573B9C1253278C600516542 /* ADLResultsView.swift in Sources */,
			);
			runOnlyForDeploymentPostprocessing = 0;
		};
/* End PBXSourcesBuildPhase section */

/* Begin PBXVariantGroup section */
		D586EAFB24AA289500572834 /* LaunchScreen.storyboard */ = {
			isa = PBXVariantGroup;
			children = (
				D586EAFC24AA289500572834 /* Base */,
			);
			name = LaunchScreen.storyboard;
			sourceTree = "<group>";
		};
/* End PBXVariantGroup section */

/* Begin XCBuildConfiguration section */
		D586EAFF24AA289500572834 /* Debug */ = {
			isa = XCBuildConfiguration;
			buildSettings = {
				ALWAYS_SEARCH_USER_PATHS = NO;
				CLANG_ANALYZER_NONNULL = YES;
				CLANG_ANALYZER_NUMBER_OBJECT_CONVERSION = YES_AGGRESSIVE;
				CLANG_CXX_LANGUAGE_STANDARD = "gnu++14";
				CLANG_CXX_LIBRARY = "libc++";
				CLANG_ENABLE_MODULES = YES;
				CLANG_ENABLE_OBJC_ARC = YES;
				CLANG_ENABLE_OBJC_WEAK = YES;
				CLANG_WARN_BLOCK_CAPTURE_AUTORELEASING = YES;
				CLANG_WARN_BOOL_CONVERSION = YES;
				CLANG_WARN_COMMA = YES;
				CLANG_WARN_CONSTANT_CONVERSION = YES;
				CLANG_WARN_DEPRECATED_OBJC_IMPLEMENTATIONS = YES;
				CLANG_WARN_DIRECT_OBJC_ISA_USAGE = YES_ERROR;
				CLANG_WARN_DOCUMENTATION_COMMENTS = YES;
				CLANG_WARN_EMPTY_BODY = YES;
				CLANG_WARN_ENUM_CONVERSION = YES;
				CLANG_WARN_INFINITE_RECURSION = YES;
				CLANG_WARN_INT_CONVERSION = YES;
				CLANG_WARN_NON_LITERAL_NULL_CONVERSION = YES;
				CLANG_WARN_OBJC_IMPLICIT_RETAIN_SELF = YES;
				CLANG_WARN_OBJC_LITERAL_CONVERSION = YES;
				CLANG_WARN_OBJC_ROOT_CLASS = YES_ERROR;
				CLANG_WARN_RANGE_LOOP_ANALYSIS = YES;
				CLANG_WARN_STRICT_PROTOTYPES = YES;
				CLANG_WARN_SUSPICIOUS_MOVE = YES;
				CLANG_WARN_UNGUARDED_AVAILABILITY = YES_AGGRESSIVE;
				CLANG_WARN_UNREACHABLE_CODE = YES;
				CLANG_WARN__DUPLICATE_METHOD_MATCH = YES;
				COPY_PHASE_STRIP = NO;
				DEBUG_INFORMATION_FORMAT = dwarf;
				ENABLE_STRICT_OBJC_MSGSEND = YES;
				ENABLE_TESTABILITY = YES;
				GCC_C_LANGUAGE_STANDARD = gnu11;
				GCC_DYNAMIC_NO_PIC = NO;
				GCC_NO_COMMON_BLOCKS = YES;
				GCC_OPTIMIZATION_LEVEL = 0;
				GCC_PREPROCESSOR_DEFINITIONS = (
					"DEBUG=1",
					"$(inherited)",
				);
				GCC_WARN_64_TO_32_BIT_CONVERSION = YES;
				GCC_WARN_ABOUT_RETURN_TYPE = YES_ERROR;
				GCC_WARN_UNDECLARED_SELECTOR = YES;
				GCC_WARN_UNINITIALIZED_AUTOS = YES_AGGRESSIVE;
				GCC_WARN_UNUSED_FUNCTION = YES;
				GCC_WARN_UNUSED_VARIABLE = YES;
				IPHONEOS_DEPLOYMENT_TARGET = 13.5;
				MTL_ENABLE_DEBUG_INFO = INCLUDE_SOURCE;
				MTL_FAST_MATH = YES;
				ONLY_ACTIVE_ARCH = YES;
				SDKROOT = iphoneos;
				SWIFT_ACTIVE_COMPILATION_CONDITIONS = DEBUG;
				SWIFT_OPTIMIZATION_LEVEL = "-Onone";
			};
			name = Debug;
		};
		D586EB0024AA289500572834 /* Release */ = {
			isa = XCBuildConfiguration;
			buildSettings = {
				ALWAYS_SEARCH_USER_PATHS = NO;
				CLANG_ANALYZER_NONNULL = YES;
				CLANG_ANALYZER_NUMBER_OBJECT_CONVERSION = YES_AGGRESSIVE;
				CLANG_CXX_LANGUAGE_STANDARD = "gnu++14";
				CLANG_CXX_LIBRARY = "libc++";
				CLANG_ENABLE_MODULES = YES;
				CLANG_ENABLE_OBJC_ARC = YES;
				CLANG_ENABLE_OBJC_WEAK = YES;
				CLANG_WARN_BLOCK_CAPTURE_AUTORELEASING = YES;
				CLANG_WARN_BOOL_CONVERSION = YES;
				CLANG_WARN_COMMA = YES;
				CLANG_WARN_CONSTANT_CONVERSION = YES;
				CLANG_WARN_DEPRECATED_OBJC_IMPLEMENTATIONS = YES;
				CLANG_WARN_DIRECT_OBJC_ISA_USAGE = YES_ERROR;
				CLANG_WARN_DOCUMENTATION_COMMENTS = YES;
				CLANG_WARN_EMPTY_BODY = YES;
				CLANG_WARN_ENUM_CONVERSION = YES;
				CLANG_WARN_INFINITE_RECURSION = YES;
				CLANG_WARN_INT_CONVERSION = YES;
				CLANG_WARN_NON_LITERAL_NULL_CONVERSION = YES;
				CLANG_WARN_OBJC_IMPLICIT_RETAIN_SELF = YES;
				CLANG_WARN_OBJC_LITERAL_CONVERSION = YES;
				CLANG_WARN_OBJC_ROOT_CLASS = YES_ERROR;
				CLANG_WARN_RANGE_LOOP_ANALYSIS = YES;
				CLANG_WARN_STRICT_PROTOTYPES = YES;
				CLANG_WARN_SUSPICIOUS_MOVE = YES;
				CLANG_WARN_UNGUARDED_AVAILABILITY = YES_AGGRESSIVE;
				CLANG_WARN_UNREACHABLE_CODE = YES;
				CLANG_WARN__DUPLICATE_METHOD_MATCH = YES;
				COPY_PHASE_STRIP = NO;
				DEBUG_INFORMATION_FORMAT = "dwarf-with-dsym";
				ENABLE_NS_ASSERTIONS = NO;
				ENABLE_STRICT_OBJC_MSGSEND = YES;
				GCC_C_LANGUAGE_STANDARD = gnu11;
				GCC_NO_COMMON_BLOCKS = YES;
				GCC_WARN_64_TO_32_BIT_CONVERSION = YES;
				GCC_WARN_ABOUT_RETURN_TYPE = YES_ERROR;
				GCC_WARN_UNDECLARED_SELECTOR = YES;
				GCC_WARN_UNINITIALIZED_AUTOS = YES_AGGRESSIVE;
				GCC_WARN_UNUSED_FUNCTION = YES;
				GCC_WARN_UNUSED_VARIABLE = YES;
				IPHONEOS_DEPLOYMENT_TARGET = 13.5;
				MTL_ENABLE_DEBUG_INFO = NO;
				MTL_FAST_MATH = YES;
				SDKROOT = iphoneos;
				SWIFT_COMPILATION_MODE = wholemodule;
				SWIFT_OPTIMIZATION_LEVEL = "-O";
				VALIDATE_PRODUCT = YES;
			};
			name = Release;
		};
		D586EB0224AA289500572834 /* Debug */ = {
			isa = XCBuildConfiguration;
			buildSettings = {
				ASSETCATALOG_COMPILER_APPICON_NAME = AppIcon;
				CODE_SIGN_STYLE = Automatic;
				DEVELOPMENT_ASSET_PATHS = "\"SurveyApp/Preview Content\"";
				DEVELOPMENT_TEAM = A8SF5Y363H;
				ENABLE_PREVIEWS = YES;
				INFOPLIST_FILE = SurveyApp/Info.plist;
				IPHONEOS_DEPLOYMENT_TARGET = 13.2;
				LD_RUNPATH_SEARCH_PATHS = (
					"$(inherited)",
					"@executable_path/Frameworks",
				);
				PRODUCT_BUNDLE_IDENTIFIER = "edu.unc.med-viswanathan-ambika.SurveyApp";
				PRODUCT_NAME = GeriKit;
				SWIFT_VERSION = 5.0;
				TARGETED_DEVICE_FAMILY = "1,2";
			};
			name = Debug;
		};
		D586EB0324AA289500572834 /* Release */ = {
			isa = XCBuildConfiguration;
			buildSettings = {
				ASSETCATALOG_COMPILER_APPICON_NAME = AppIcon;
				CODE_SIGN_STYLE = Automatic;
				DEVELOPMENT_ASSET_PATHS = "\"SurveyApp/Preview Content\"";
				DEVELOPMENT_TEAM = A8SF5Y363H;
				ENABLE_PREVIEWS = YES;
				INFOPLIST_FILE = SurveyApp/Info.plist;
				IPHONEOS_DEPLOYMENT_TARGET = 13.2;
				LD_RUNPATH_SEARCH_PATHS = (
					"$(inherited)",
					"@executable_path/Frameworks",
				);
				PRODUCT_BUNDLE_IDENTIFIER = "edu.unc.med-viswanathan-ambika.SurveyApp";
				PRODUCT_NAME = GeriKit;
				SWIFT_VERSION = 5.0;
				TARGETED_DEVICE_FAMILY = "1,2";
			};
			name = Release;
		};
/* End XCBuildConfiguration section */

/* Begin XCConfigurationList section */
		D586EAE824AA289000572834 /* Build configuration list for PBXProject "SurveyApp" */ = {
			isa = XCConfigurationList;
			buildConfigurations = (
				D586EAFF24AA289500572834 /* Debug */,
				D586EB0024AA289500572834 /* Release */,
			);
			defaultConfigurationIsVisible = 0;
			defaultConfigurationName = Release;
		};
		D586EB0124AA289500572834 /* Build configuration list for PBXNativeTarget "SurveyApp" */ = {
			isa = XCConfigurationList;
			buildConfigurations = (
				D586EB0224AA289500572834 /* Debug */,
				D586EB0324AA289500572834 /* Release */,
			);
			defaultConfigurationIsVisible = 0;
			defaultConfigurationName = Release;
		};
/* End XCConfigurationList section */
	};
	rootObject = D586EAE524AA289000572834 /* Project object */;
}
